
Microsoft Visual Studio Solution File, Format Version 12.00
Project("{FAE04EC0-301F-11D3-BF4B-00C04F79EFBC}") = "MessageBoardApp.Application", "MessageBoardApp.Application\MessageBoardApp.Application.csproj", "{E0B62899-9BE6-47AC-B685-37C65964668A}"
EndProject
Project("{FAE04EC0-301F-11D3-BF4B-00C04F79EFBC}") = "MessageBoardApp.Domain", "MessageBoardApp.Domain\MessageBoardApp.Domain.csproj", "{1FF484EF-9355-4736-A19B-32BB13CC76DC}"
EndProject
Project("{FAE04EC0-301F-11D3-BF4B-00C04F79EFBC}") = "MessageBoardApp.Infrastructure", "MessageBoardApp.Infrastructure\MessageBoardApp.Infrastructure.csproj", "{B87972DC-7AF2-4ADD-8EE4-5BBC1712A583}"
EndProject
Project("{FAE04EC0-301F-11D3-BF4B-00C04F79EFBC}") = "MessageBoardApp_Tests", "MessageBoardApp_Tests\MessageBoardApp_Tests.csproj", "{576967DA-2754-4843-B738-554C177B6EDB}"
EndProject
Project("{FAE04EC0-301F-11D3-BF4B-00C04F79EFBC}") = "MessageBoardApp.Application.Service", "MessageBoardApp.Application.Service\MessageBoardApp.Application.Service.csproj", "{CBCACF75-ACB1-4B54-A027-55B3D2F95544}"
EndProject
Project("{FAE04EC0-301F-11D3-BF4B-00C04F79EFBC}") = "WebSocketHandlerCore", "WebSocketHandlerCore\WebSocketHandlerCore.csproj", "{1060A0EB-43E3-41FE-B16C-89D991205B82}"
EndProject
Project("{2150E333-8FDC-42A3-9474-1A3956D46DE8}") = "Application", "Application", "{27BBB4E4-E3BA-4CE0-8D02-5CB0614BC0B2}"
EndProject
Project("{2150E333-8FDC-42A3-9474-1A3956D46DE8}") = "Domain", "Domain", "{5D80686B-99B4-4BB6-BF37-A0EB77A9D1D3}"
EndProject
Project("{2150E333-8FDC-42A3-9474-1A3956D46DE8}") = "Infrastructure", "Infrastructure", "{D24C8856-EF00-4025-937A-7DF0AFB401C6}"
EndProject
Project("{2150E333-8FDC-42A3-9474-1A3956D46DE8}") = "Tests", "Tests", "{E9B69E85-A6EC-478B-AB81-2A0E91E28F04}"
EndProject
Project("{2150E333-8FDC-42A3-9474-1A3956D46DE8}") = "Utilities", "Utilities", "{69A9E2F0-AD2A-46FF-B52C-FF9CEC60527A}"
EndProject
Global
	GlobalSection(SolutionConfigurationPlatforms) = preSolution
		Debug|Any CPU = Debug|Any CPU
		Release|Any CPU = Release|Any CPU
	EndGlobalSection
	GlobalSection(ProjectConfigurationPlatforms) = postSolution
		{E0B62899-9BE6-47AC-B685-37C65964668A}.Debug|Any CPU.ActiveCfg = Debug|Any CPU
		{E0B62899-9BE6-47AC-B685-37C65964668A}.Debug|Any CPU.Build.0 = Debug|Any CPU
		{E0B62899-9BE6-47AC-B685-37C65964668A}.Release|Any CPU.ActiveCfg = Release|Any CPU
		{E0B62899-9BE6-47AC-B685-37C65964668A}.Release|Any CPU.Build.0 = Release|Any CPU
		{1FF484EF-9355-4736-A19B-32BB13CC76DC}.Debug|Any CPU.ActiveCfg = Debug|Any CPU
		{1FF484EF-9355-4736-A19B-32BB13CC76DC}.Debug|Any CPU.Build.0 = Debug|Any CPU
		{1FF484EF-9355-4736-A19B-32BB13CC76DC}.Release|Any CPU.ActiveCfg = Release|Any CPU
		{1FF484EF-9355-4736-A19B-32BB13CC76DC}.Release|Any CPU.Build.0 = Release|Any CPU
		{B87972DC-7AF2-4ADD-8EE4-5BBC1712A583}.Debug|Any CPU.ActiveCfg = Debug|Any CPU
		{B87972DC-7AF2-4ADD-8EE4-5BBC1712A583}.Debug|Any CPU.Build.0 = Debug|Any CPU
		{B87972DC-7AF2-4ADD-8EE4-5BBC1712A583}.Release|Any CPU.ActiveCfg = Release|Any CPU
		{B87972DC-7AF2-4ADD-8EE4-5BBC1712A583}.Release|Any CPU.Build.0 = Release|Any CPU
		{576967DA-2754-4843-B738-554C177B6EDB}.Debug|Any CPU.ActiveCfg = Debug|Any CPU
		{576967DA-2754-4843-B738-554C177B6EDB}.Debug|Any CPU.Build.0 = Debug|Any CPU
		{576967DA-2754-4843-B738-554C177B6EDB}.Release|Any CPU.ActiveCfg = Release|Any CPU
		{576967DA-2754-4843-B738-554C177B6EDB}.Release|Any CPU.Build.0 = Release|Any CPU
		{CBCACF75-ACB1-4B54-A027-55B3D2F95544}.Debug|Any CPU.ActiveCfg = Debug|Any CPU
		{CBCACF75-ACB1-4B54-A027-55B3D2F95544}.Debug|Any CPU.Build.0 = Debug|Any CPU
		{CBCACF75-ACB1-4B54-A027-55B3D2F95544}.Release|Any CPU.ActiveCfg = Release|Any CPU
		{CBCACF75-ACB1-4B54-A027-55B3D2F95544}.Release|Any CPU.Build.0 = Release|Any CPU
		{1060A0EB-43E3-41FE-B16C-89D991205B82}.Debug|Any CPU.ActiveCfg = Debug|Any CPU
		{1060A0EB-43E3-41FE-B16C-89D991205B82}.Debug|Any CPU.Build.0 = Debug|Any CPU
		{1060A0EB-43E3-41FE-B16C-89D991205B82}.Release|Any CPU.ActiveCfg = Release|Any CPU
		{1060A0EB-43E3-41FE-B16C-89D991205B82}.Release|Any CPU.Build.0 = Release|Any CPU
	EndGlobalSection
	GlobalSection(NestedProjects) = preSolution
		{E0B62899-9BE6-47AC-B685-37C65964668A} = {27BBB4E4-E3BA-4CE0-8D02-5CB0614BC0B2}
		{1FF484EF-9355-4736-A19B-32BB13CC76DC} = {5D80686B-99B4-4BB6-BF37-A0EB77A9D1D3}
		{B87972DC-7AF2-4ADD-8EE4-5BBC1712A583} = {D24C8856-EF00-4025-937A-7DF0AFB401C6}
		{CBCACF75-ACB1-4B54-A027-55B3D2F95544} = {27BBB4E4-E3BA-4CE0-8D02-5CB0614BC0B2}
		{576967DA-2754-4843-B738-554C177B6EDB} = {E9B69E85-A6EC-478B-AB81-2A0E91E28F04}
		{1060A0EB-43E3-41FE-B16C-89D991205B82} = {69A9E2F0-AD2A-46FF-B52C-FF9CEC60527A}
	EndGlobalSection
EndGlobal
