
Microsoft Visual Studio Solution File, Format Version 12.00
Project("{FAE04EC0-301F-11D3-BF4B-00C04F79EFBC}") = "MessageBoardApp.Application", "MessageBoardApp.Application\MessageBoardApp.Application.csproj", "{E0B62899-9BE6-47AC-B685-37C65964668A}"
EndProject
Project("{FAE04EC0-301F-11D3-BF4B-00C04F79EFBC}") = "MessageBoardApp.Domain", "MessageBoardApp.Domain\MessageBoardApp.Domain.csproj", "{1FF484EF-9355-4736-A19B-32BB13CC76DC}"
EndProject
Project("{FAE04EC0-301F-11D3-BF4B-00C04F79EFBC}") = "MessageBoardApp.Infrastructure", "MessageBoardApp.Infrastructure\MessageBoardApp.Infrastructure.csproj", "{B87972DC-7AF2-4ADD-8EE4-5BBC1712A583}"
EndProject
Project("{FAE04EC0-301F-11D3-BF4B-00C04F79EFBC}") = "MessageBoardApp_Tests", "MessageBoardApp_Tests\MessageBoardApp_Tests.csproj", "{576967DA-2754-4843-B738-554C177B6EDB}"
EndProject
Global
	GlobalSection(SolutionConfigurationPlatforms) = preSolution
		Debug|Any CPU = Debug|Any CPU
		Release|Any CPU = Release|Any CPU
	EndGlobalSection
	GlobalSection(ProjectConfigurationPlatforms) = postSolution
		{E0B62899-9BE6-47AC-B685-37C65964668A}.Debug|Any CPU.ActiveCfg = Debug|Any CPU
		{E0B62899-9BE6-47AC-B685-37C65964668A}.Debug|Any CPU.Build.0 = Debug|Any CPU
		{E0B62899-9BE6-47AC-B685-37C65964668A}.Release|Any CPU.ActiveCfg = Release|Any CPU
		{E0B62899-9BE6-47AC-B685-37C65964668A}.Release|Any CPU.Build.0 = Release|Any CPU
		{1FF484EF-9355-4736-A19B-32BB13CC76DC}.Debug|Any CPU.ActiveCfg = Debug|Any CPU
		{1FF484EF-9355-4736-A19B-32BB13CC76DC}.Debug|Any CPU.Build.0 = Debug|Any CPU
		{1FF484EF-9355-4736-A19B-32BB13CC76DC}.Release|Any CPU.ActiveCfg = Release|Any CPU
		{1FF484EF-9355-4736-A19B-32BB13CC76DC}.Release|Any CPU.Build.0 = Release|Any CPU
		{B87972DC-7AF2-4ADD-8EE4-5BBC1712A583}.Debug|Any CPU.ActiveCfg = Debug|Any CPU
		{B87972DC-7AF2-4ADD-8EE4-5BBC1712A583}.Debug|Any CPU.Build.0 = Debug|Any CPU
		{B87972DC-7AF2-4ADD-8EE4-5BBC1712A583}.Release|Any CPU.ActiveCfg = Release|Any CPU
		{B87972DC-7AF2-4ADD-8EE4-5BBC1712A583}.Release|Any CPU.Build.0 = Release|Any CPU
		{576967DA-2754-4843-B738-554C177B6EDB}.Debug|Any CPU.ActiveCfg = Debug|Any CPU
		{576967DA-2754-4843-B738-554C177B6EDB}.Debug|Any CPU.Build.0 = Debug|Any CPU
		{576967DA-2754-4843-B738-554C177B6EDB}.Release|Any CPU.ActiveCfg = Release|Any CPU
		{576967DA-2754-4843-B738-554C177B6EDB}.Release|Any CPU.Build.0 = Release|Any CPU
	EndGlobalSection
EndGlobal
